
Microsoft Visual Studio Solution File, Format Version 12.00
# Visual Studio Version 17
VisualStudioVersion = 17.7.34221.43
MinimumVisualStudioVersion = 10.0.40219.1
Project("{FAE04EC0-301F-11D3-BF4B-00C04F79EFBC}") = "Task1", "Practical_4.8\Task1.csproj", "{620305DA-2FF9-4FA5-A316-6E95322E7A9C}"
EndProject
Project("{FAE04EC0-301F-11D3-BF4B-00C04F79EFBC}") = "Task2", "ConsoleApp1\Task2.csproj", "{49FF081B-FD02-4650-9861-862A47C7F05D}"
EndProject
Global
	GlobalSection(SolutionConfigurationPlatforms) = preSolution
		Debug|Any CPU = Debug|Any CPU
		Release|Any CPU = Release|Any CPU
	EndGlobalSection
	GlobalSection(ProjectConfigurationPlatforms) = postSolution
		{620305DA-2FF9-4FA5-A316-6E95322E7A9C}.Debug|Any CPU.ActiveCfg = Debug|Any CPU
		{620305DA-2FF9-4FA5-A316-6E95322E7A9C}.Debug|Any CPU.Build.0 = Debug|Any CPU
		{620305DA-2FF9-4FA5-A316-6E95322E7A9C}.Release|Any CPU.ActiveCfg = Release|Any CPU
		{620305DA-2FF9-4FA5-A316-6E95322E7A9C}.Release|Any CPU.Build.0 = Release|Any CPU
		{49FF081B-FD02-4650-9861-862A47C7F05D}.Debug|Any CPU.ActiveCfg = Debug|Any CPU
		{49FF081B-FD02-4650-9861-862A47C7F05D}.Debug|Any CPU.Build.0 = Debug|Any CPU
		{49FF081B-FD02-4650-9861-862A47C7F05D}.Release|Any CPU.ActiveCfg = Release|Any CPU
		{49FF081B-FD02-4650-9861-862A47C7F05D}.Release|Any CPU.Build.0 = Release|Any CPU
	EndGlobalSection
	GlobalSection(SolutionProperties) = preSolution
		HideSolutionNode = FALSE
	EndGlobalSection
	GlobalSection(ExtensibilityGlobals) = postSolution
		SolutionGuid = {D198DEBF-B7E2-4BCB-A7AC-4891C04BFFBD}
	EndGlobalSection
EndGlobal
