
Microsoft Visual Studio Solution File, Format Version 12.00
# Visual Studio Version 17
VisualStudioVersion = 17.7.34221.43
MinimumVisualStudioVersion = 10.0.40219.1
Project("{FAE04EC0-301F-11D3-BF4B-00C04F79EFBC}") = "ConsoleApp1", "ConsoleApp1\ConsoleApp1.csproj", "{CC0907E6-E8B7-481F-A732-ED2B1A3774E3}"
EndProject
Global
	GlobalSection(SolutionConfigurationPlatforms) = preSolution
		Debug|Any CPU = Debug|Any CPU
		Release|Any CPU = Release|Any CPU
	EndGlobalSection
	GlobalSection(ProjectConfigurationPlatforms) = postSolution
		{CC0907E6-E8B7-481F-A732-ED2B1A3774E3}.Debug|Any CPU.ActiveCfg = Debug|Any CPU
		{CC0907E6-E8B7-481F-A732-ED2B1A3774E3}.Debug|Any CPU.Build.0 = Debug|Any CPU
		{CC0907E6-E8B7-481F-A732-ED2B1A3774E3}.Release|Any CPU.ActiveCfg = Release|Any CPU
		{CC0907E6-E8B7-481F-A732-ED2B1A3774E3}.Release|Any CPU.Build.0 = Release|Any CPU
	EndGlobalSection
	GlobalSection(SolutionProperties) = preSolution
		HideSolutionNode = FALSE
	EndGlobalSection
	GlobalSection(ExtensibilityGlobals) = postSolution
		SolutionGuid = {C06304C0-4D24-41F8-B7C7-BC5ECFB4B7B9}
	EndGlobalSection
EndGlobal
